
Microsoft Visual Studio Solution File, Format Version 12.00
# Visual Studio Version 17
VisualStudioVersion = 17.14.36717.8 d17.14
MinimumVisualStudioVersion = 10.0.40219.1
Project("{FAE04EC0-301F-11D3-BF4B-00C04F79EFBC}") = "ExcelReader", "ExcelReader.csproj", "{4A6F059D-B6AE-490F-B72B-25E039474F5B}"
EndProject
Project("{FAE04EC0-301F-11D3-BF4B-00C04F79EFBC}") = "ExampleReader", "..\ExampleReader\ExampleReader.csproj", "{D62E4BF4-81EA-430C-ADD4-1B1FEE058AAD}"
EndProject
Global
	GlobalSection(SolutionConfigurationPlatforms) = preSolution
		Debug|Any CPU = Debug|Any CPU
		Release|Any CPU = Release|Any CPU
	EndGlobalSection
	GlobalSection(ProjectConfigurationPlatforms) = postSolution
		{4A6F059D-B6AE-490F-B72B-25E039474F5B}.Debug|Any CPU.ActiveCfg = Debug|Any CPU
		{4A6F059D-B6AE-490F-B72B-25E039474F5B}.Debug|Any CPU.Build.0 = Debug|Any CPU
		{4A6F059D-B6AE-490F-B72B-25E039474F5B}.Release|Any CPU.ActiveCfg = Release|Any CPU
		{4A6F059D-B6AE-490F-B72B-25E039474F5B}.Release|Any CPU.Build.0 = Release|Any CPU
		{D62E4BF4-81EA-430C-ADD4-1B1FEE058AAD}.Debug|Any CPU.ActiveCfg = Debug|Any CPU
		{D62E4BF4-81EA-430C-ADD4-1B1FEE058AAD}.Debug|Any CPU.Build.0 = Debug|Any CPU
		{D62E4BF4-81EA-430C-ADD4-1B1FEE058AAD}.Release|Any CPU.ActiveCfg = Release|Any CPU
		{D62E4BF4-81EA-430C-ADD4-1B1FEE058AAD}.Release|Any CPU.Build.0 = Release|Any CPU
	EndGlobalSection
	GlobalSection(SolutionProperties) = preSolution
		HideSolutionNode = FALSE
	EndGlobalSection
	GlobalSection(ExtensibilityGlobals) = postSolution
		SolutionGuid = {95B86A52-0BD9-4627-A5EA-5996E5028583}
	EndGlobalSection
EndGlobal
